
Microsoft Visual Studio Solution File, Format Version 12.00
# Visual Studio Version 16
VisualStudioVersion = 16.0.31702.278
MinimumVisualStudioVersion = 10.0.40219.1
Project("{FAE04EC0-301F-11D3-BF4B-00C04F79EFBC}") = "4opeenrijv1", "4opeenrijv1\4opeenrijv1.csproj", "{FF46CBBA-DB14-4F19-B855-9A43FBAC4C0A}"
EndProject
Global
	GlobalSection(SolutionConfigurationPlatforms) = preSolution
		Debug|Any CPU = Debug|Any CPU
		Release|Any CPU = Release|Any CPU
	EndGlobalSection
	GlobalSection(ProjectConfigurationPlatforms) = postSolution
		{FF46CBBA-DB14-4F19-B855-9A43FBAC4C0A}.Debug|Any CPU.ActiveCfg = Debug|Any CPU
		{FF46CBBA-DB14-4F19-B855-9A43FBAC4C0A}.Debug|Any CPU.Build.0 = Debug|Any CPU
		{FF46CBBA-DB14-4F19-B855-9A43FBAC4C0A}.Release|Any CPU.ActiveCfg = Release|Any CPU
		{FF46CBBA-DB14-4F19-B855-9A43FBAC4C0A}.Release|Any CPU.Build.0 = Release|Any CPU
	EndGlobalSection
	GlobalSection(SolutionProperties) = preSolution
		HideSolutionNode = FALSE
	EndGlobalSection
	GlobalSection(ExtensibilityGlobals) = postSolution
		SolutionGuid = {3BE82419-D01F-4D8C-B05C-E9DFBC54B31B}
	EndGlobalSection
EndGlobal
